
Microsoft Visual Studio Solution File, Format Version 12.00
# Visual Studio Version 17
VisualStudioVersion = 17.6.33723.286
MinimumVisualStudioVersion = 10.0.40219.1
Project("{888888A0-9F3D-457C-B088-3A5042F75D52}") = "Ramoses", "Ramoses\Ramoses.pyproj", "{CD59518E-7A95-4BC7-BD2B-8F1A72410CDA}"
EndProject
Global
	GlobalSection(SolutionConfigurationPlatforms) = preSolution
		Debug|Any CPU = Debug|Any CPU
		Release|Any CPU = Release|Any CPU
	EndGlobalSection
	GlobalSection(ProjectConfigurationPlatforms) = postSolution
		{CD59518E-7A95-4BC7-BD2B-8F1A72410CDA}.Debug|Any CPU.ActiveCfg = Debug|Any CPU
		{CD59518E-7A95-4BC7-BD2B-8F1A72410CDA}.Release|Any CPU.ActiveCfg = Release|Any CPU
	EndGlobalSection
	GlobalSection(SolutionProperties) = preSolution
		HideSolutionNode = FALSE
	EndGlobalSection
	GlobalSection(ExtensibilityGlobals) = postSolution
		SolutionGuid = {96836066-1C60-4689-A26F-B9B3D33F81DD}
	EndGlobalSection
EndGlobal
